
Microsoft Visual Studio Solution File, Format Version 12.00
# Visual Studio Version 16
VisualStudioVersion = 16.0.33927.289
MinimumVisualStudioVersion = 10.0.40219.1
Project("{2150E333-8FDC-42A3-9474-1A3956D46DE8}") = "Task0", "Task0", "{D8B12743-73F2-4E35-9844-5FED596D2036}"
EndProject
Project("{FAE04EC0-301F-11D3-BF4B-00C04F79EFBC}") = "Tyuiu.ElizarovKI.Sprint2.Task0.V16", "Tyuiu.ElizarovKI.Sprint2.Task0.V16\Tyuiu.ElizarovKI.Sprint2.Task0.V16.csproj", "{F302CFFA-127F-419F-B61E-B06D82550407}"
EndProject
Project("{FAE04EC0-301F-11D3-BF4B-00C04F79EFBC}") = "Tyuiu.ElizarovKI.Sprint2.Task0.V16.Lib", "Tyuiu.ElizarovKI.Sprint2.Task0.V16.Lib\Tyuiu.ElizarovKI.Sprint2.Task0.V16.Lib.csproj", "{D026F8DE-30BF-4FBF-B4D2-BF5112D67974}"
EndProject
Project("{FAE04EC0-301F-11D3-BF4B-00C04F79EFBC}") = "Tyuiu.ElizarovKI.Sprint2.Task0.V16.Test", "Tyuiu.ElizarovKI.Sprint2.Task0.V16.Test\Tyuiu.ElizarovKI.Sprint2.Task0.V16.Test.csproj", "{BF92E7FA-B0BE-46C3-9D46-DBC726112D1F}"
EndProject
Project("{2150E333-8FDC-42A3-9474-1A3956D46DE8}") = "Task1", "Task1", "{259B6C87-407F-40C0-82F2-F6AFEBD56049}"
EndProject
Project("{FAE04EC0-301F-11D3-BF4B-00C04F79EFBC}") = "Tyuiu.ElizarovKI.Sprint2.Task1.V12", "Tyuiu.ElizarovKI.Sprint2.Task1.V12\Tyuiu.ElizarovKI.Sprint2.Task1.V12.csproj", "{7FD91BDA-9D45-4DE1-8240-6C32D757452D}"
EndProject
Project("{FAE04EC0-301F-11D3-BF4B-00C04F79EFBC}") = "Tyuiu.ElizarovKI.Sprint2.Task1.V12.Test", "Tyuiu.ElizarovKI.Sprint2.Task1.V12.Test\Tyuiu.ElizarovKI.Sprint2.Task1.V12.Test.csproj", "{CC27A679-AD3E-45D6-AC26-480C48A38637}"
EndProject
Project("{FAE04EC0-301F-11D3-BF4B-00C04F79EFBC}") = "Tyuiu.ElizarovKI.Sprint2.Task1.V12.Lib", "Tyuiu.ElizarovKI.Sprint2.Task1.V12.Lib\Tyuiu.ElizarovKI.Sprint2.Task1.V12.Lib.csproj", "{EADBF474-A236-4948-A893-943331358423}"
EndProject
Project("{2150E333-8FDC-42A3-9474-1A3956D46DE8}") = "Task2", "Task2", "{BA5E7415-7D87-43CE-9322-69DECC55302A}"
EndProject
Project("{FAE04EC0-301F-11D3-BF4B-00C04F79EFBC}") = "Tyuiu.ElizarovKI.Sprint2.Task2.V28", "Tyuiu.ElizarovKI.Sprint2.Task2.V28\Tyuiu.ElizarovKI.Sprint2.Task2.V28.csproj", "{884F7FF5-415C-4A70-86E8-A4A06A5AC30A}"
EndProject
Project("{FAE04EC0-301F-11D3-BF4B-00C04F79EFBC}") = "Tyuiu.ElizarovKI.Sprint2.Task2.V28.Lib", "Tyuiu.ElizarovKI.Sprint2.Task2.V28.Lib\Tyuiu.ElizarovKI.Sprint2.Task2.V28.Lib.csproj", "{7DE783BA-52B2-4F0F-A004-32B6A21F41DB}"
EndProject
Project("{FAE04EC0-301F-11D3-BF4B-00C04F79EFBC}") = "Tyuiu.ElizarovKI.Sprint2.Task2.V28.Test", "Tyuiu.ElizarovKI.Sprint2.Task2.V28.Test\Tyuiu.ElizarovKI.Sprint2.Task2.V28.Test.csproj", "{C42C0DA2-1BF0-42ED-AD16-47AEBCDDF29D}"
EndProject
Global
	GlobalSection(SolutionConfigurationPlatforms) = preSolution
		Debug|Any CPU = Debug|Any CPU
		Release|Any CPU = Release|Any CPU
	EndGlobalSection
	GlobalSection(ProjectConfigurationPlatforms) = postSolution
		{F302CFFA-127F-419F-B61E-B06D82550407}.Debug|Any CPU.ActiveCfg = Debug|Any CPU
		{F302CFFA-127F-419F-B61E-B06D82550407}.Debug|Any CPU.Build.0 = Debug|Any CPU
		{F302CFFA-127F-419F-B61E-B06D82550407}.Release|Any CPU.ActiveCfg = Release|Any CPU
		{F302CFFA-127F-419F-B61E-B06D82550407}.Release|Any CPU.Build.0 = Release|Any CPU
		{D026F8DE-30BF-4FBF-B4D2-BF5112D67974}.Debug|Any CPU.ActiveCfg = Debug|Any CPU
		{D026F8DE-30BF-4FBF-B4D2-BF5112D67974}.Debug|Any CPU.Build.0 = Debug|Any CPU
		{D026F8DE-30BF-4FBF-B4D2-BF5112D67974}.Release|Any CPU.ActiveCfg = Release|Any CPU
		{D026F8DE-30BF-4FBF-B4D2-BF5112D67974}.Release|Any CPU.Build.0 = Release|Any CPU
		{BF92E7FA-B0BE-46C3-9D46-DBC726112D1F}.Debug|Any CPU.ActiveCfg = Debug|Any CPU
		{BF92E7FA-B0BE-46C3-9D46-DBC726112D1F}.Debug|Any CPU.Build.0 = Debug|Any CPU
		{BF92E7FA-B0BE-46C3-9D46-DBC726112D1F}.Release|Any CPU.ActiveCfg = Release|Any CPU
		{BF92E7FA-B0BE-46C3-9D46-DBC726112D1F}.Release|Any CPU.Build.0 = Release|Any CPU
		{7FD91BDA-9D45-4DE1-8240-6C32D757452D}.Debug|Any CPU.ActiveCfg = Debug|Any CPU
		{7FD91BDA-9D45-4DE1-8240-6C32D757452D}.Debug|Any CPU.Build.0 = Debug|Any CPU
		{7FD91BDA-9D45-4DE1-8240-6C32D757452D}.Release|Any CPU.ActiveCfg = Release|Any CPU
		{7FD91BDA-9D45-4DE1-8240-6C32D757452D}.Release|Any CPU.Build.0 = Release|Any CPU
		{CC27A679-AD3E-45D6-AC26-480C48A38637}.Debug|Any CPU.ActiveCfg = Debug|Any CPU
		{CC27A679-AD3E-45D6-AC26-480C48A38637}.Debug|Any CPU.Build.0 = Debug|Any CPU
		{CC27A679-AD3E-45D6-AC26-480C48A38637}.Release|Any CPU.ActiveCfg = Release|Any CPU
		{CC27A679-AD3E-45D6-AC26-480C48A38637}.Release|Any CPU.Build.0 = Release|Any CPU
		{EADBF474-A236-4948-A893-943331358423}.Debug|Any CPU.ActiveCfg = Debug|Any CPU
		{EADBF474-A236-4948-A893-943331358423}.Debug|Any CPU.Build.0 = Debug|Any CPU
		{EADBF474-A236-4948-A893-943331358423}.Release|Any CPU.ActiveCfg = Release|Any CPU
		{EADBF474-A236-4948-A893-943331358423}.Release|Any CPU.Build.0 = Release|Any CPU
		{884F7FF5-415C-4A70-86E8-A4A06A5AC30A}.Debug|Any CPU.ActiveCfg = Debug|Any CPU
		{884F7FF5-415C-4A70-86E8-A4A06A5AC30A}.Debug|Any CPU.Build.0 = Debug|Any CPU
		{884F7FF5-415C-4A70-86E8-A4A06A5AC30A}.Release|Any CPU.ActiveCfg = Release|Any CPU
		{884F7FF5-415C-4A70-86E8-A4A06A5AC30A}.Release|Any CPU.Build.0 = Release|Any CPU
		{7DE783BA-52B2-4F0F-A004-32B6A21F41DB}.Debug|Any CPU.ActiveCfg = Debug|Any CPU
		{7DE783BA-52B2-4F0F-A004-32B6A21F41DB}.Debug|Any CPU.Build.0 = Debug|Any CPU
		{7DE783BA-52B2-4F0F-A004-32B6A21F41DB}.Release|Any CPU.ActiveCfg = Release|Any CPU
		{7DE783BA-52B2-4F0F-A004-32B6A21F41DB}.Release|Any CPU.Build.0 = Release|Any CPU
		{C42C0DA2-1BF0-42ED-AD16-47AEBCDDF29D}.Debug|Any CPU.ActiveCfg = Debug|Any CPU
		{C42C0DA2-1BF0-42ED-AD16-47AEBCDDF29D}.Debug|Any CPU.Build.0 = Debug|Any CPU
		{C42C0DA2-1BF0-42ED-AD16-47AEBCDDF29D}.Release|Any CPU.ActiveCfg = Release|Any CPU
		{C42C0DA2-1BF0-42ED-AD16-47AEBCDDF29D}.Release|Any CPU.Build.0 = Release|Any CPU
	EndGlobalSection
	GlobalSection(SolutionProperties) = preSolution
		HideSolutionNode = FALSE
	EndGlobalSection
	GlobalSection(NestedProjects) = preSolution
		{F302CFFA-127F-419F-B61E-B06D82550407} = {D8B12743-73F2-4E35-9844-5FED596D2036}
		{D026F8DE-30BF-4FBF-B4D2-BF5112D67974} = {D8B12743-73F2-4E35-9844-5FED596D2036}
		{BF92E7FA-B0BE-46C3-9D46-DBC726112D1F} = {D8B12743-73F2-4E35-9844-5FED596D2036}
		{7FD91BDA-9D45-4DE1-8240-6C32D757452D} = {259B6C87-407F-40C0-82F2-F6AFEBD56049}
		{CC27A679-AD3E-45D6-AC26-480C48A38637} = {259B6C87-407F-40C0-82F2-F6AFEBD56049}
		{EADBF474-A236-4948-A893-943331358423} = {259B6C87-407F-40C0-82F2-F6AFEBD56049}
		{884F7FF5-415C-4A70-86E8-A4A06A5AC30A} = {BA5E7415-7D87-43CE-9322-69DECC55302A}
		{7DE783BA-52B2-4F0F-A004-32B6A21F41DB} = {BA5E7415-7D87-43CE-9322-69DECC55302A}
		{C42C0DA2-1BF0-42ED-AD16-47AEBCDDF29D} = {BA5E7415-7D87-43CE-9322-69DECC55302A}
	EndGlobalSection
	GlobalSection(ExtensibilityGlobals) = postSolution
		SolutionGuid = {B79178CF-902E-43DB-9485-1696B0951286}
	EndGlobalSection
EndGlobal
